// !$*UTF8*$!
{
	archiveVersion = 1;
	classes = {
	};
	objectVersion = 46;
	objects = {

/* Begin PBXBuildFile section */
		56C3A03013589FD700CA92DA /* HMColumnConstantStringTableViewCell.h in Headers */ = {isa = PBXBuildFile; fileRef = 56C3A02E13589FD700CA92DA /* HMColumnConstantStringTableViewCell.h */; };
		56C3A03113589FD700CA92DA /* HMColumnConstantStringTableViewCell.m in Sources */ = {isa = PBXBuildFile; fileRef = 56C3A02F13589FD700CA92DA /* HMColumnConstantStringTableViewCell.m */; };
		A50772B61337B8E300859BD2 /* HMEditTableViewCellEditView.h in Headers */ = {isa = PBXBuildFile; fileRef = A50772B21337B8E300859BD2 /* HMEditTableViewCellEditView.h */; };
		A50772B71337B8E300859BD2 /* HMEditTableViewCellEditView.m in Sources */ = {isa = PBXBuildFile; fileRef = A50772B31337B8E300859BD2 /* HMEditTableViewCellEditView.m */; };
		A50772B81337B8E300859BD2 /* HMTableViewCellBackgroundView.h in Headers */ = {isa = PBXBuildFile; fileRef = A50772B41337B8E300859BD2 /* HMTableViewCellBackgroundView.h */; };
		A50772B91337B8E300859BD2 /* HMTableViewCellBackgroundView.m in Sources */ = {isa = PBXBuildFile; fileRef = A50772B51337B8E300859BD2 /* HMTableViewCellBackgroundView.m */; };
		A50E13F01338ADD3006BDB18 /* HMRoundedCornerImageView.h in Headers */ = {isa = PBXBuildFile; fileRef = A50E13EE1338ADD3006BDB18 /* HMRoundedCornerImageView.h */; };
		A50E13F11338ADD3006BDB18 /* HMRoundedCornerImageView.m in Sources */ = {isa = PBXBuildFile; fileRef = A50E13EF1338ADD3006BDB18 /* HMRoundedCornerImageView.m */; };
		A514F403135C598F007D4B17 /* HMPlainConstantStringTableViewCell.h in Headers */ = {isa = PBXBuildFile; fileRef = A514F401135C598F007D4B17 /* HMPlainConstantStringTableViewCell.h */; };
		A514F404135C598F007D4B17 /* HMPlainConstantStringTableViewCell.m in Sources */ = {isa = PBXBuildFile; fileRef = A514F402135C598F007D4B17 /* HMPlainConstantStringTableViewCell.m */; };
		A537556913432D3F00D9A6A0 /* HMColumnMultilineStringTableViewCell.h in Headers */ = {isa = PBXBuildFile; fileRef = A537556513432D3F00D9A6A0 /* HMColumnMultilineStringTableViewCell.h */; };
		A537556A13432D3F00D9A6A0 /* HMColumnMultilineStringTableViewCell.m in Sources */ = {isa = PBXBuildFile; fileRef = A537556613432D3F00D9A6A0 /* HMColumnMultilineStringTableViewCell.m */; };
		A537556B13432D3F00D9A6A0 /* HMPlainMultilineStringTableViewCell.h in Headers */ = {isa = PBXBuildFile; fileRef = A537556713432D3F00D9A6A0 /* HMPlainMultilineStringTableViewCell.h */; };
		A537556C13432D3F00D9A6A0 /* HMPlainMultilineStringTableViewCell.m in Sources */ = {isa = PBXBuildFile; fileRef = A537556813432D3F00D9A6A0 /* HMPlainMultilineStringTableViewCell.m */; };
		A53B0577132F97C40064BCA5 /* HMTableViewCell.h in Headers */ = {isa = PBXBuildFile; fileRef = A53B0573132F97C40064BCA5 /* HMTableViewCell.h */; };
		A53B0578132F97C40064BCA5 /* HMTableViewCell.m in Sources */ = {isa = PBXBuildFile; fileRef = A53B0574132F97C40064BCA5 /* HMTableViewCell.m */; };
		A5B56CBC133BAF890071763F /* HMBadgeLabel.h in Headers */ = {isa = PBXBuildFile; fileRef = A5B56CBA133BAF890071763F /* HMBadgeLabel.h */; };
		A5B56CBD133BAF890071763F /* HMBadgeLabel.m in Sources */ = {isa = PBXBuildFile; fileRef = A5B56CBB133BAF890071763F /* HMBadgeLabel.m */; };
		A5E648D913313BC800FE725A /* CoreGraphics.framework in Frameworks */ = {isa = PBXBuildFile; fileRef = A5E648D813313BC700FE725A /* CoreGraphics.framework */; };
		A5E648DB13313BD000FE725A /* QuartzCore.framework in Frameworks */ = {isa = PBXBuildFile; fileRef = A5E648DA13313BD000FE725A /* QuartzCore.framework */; };
		A5E648E913313F7100FE725A /* HMEditTableViewCell.h in Headers */ = {isa = PBXBuildFile; fileRef = A5E648E713313F6C00FE725A /* HMEditTableViewCell.h */; };
		A5E648EA13313F7100FE725A /* HMEditTableViewCell.m in Sources */ = {isa = PBXBuildFile; fileRef = A5E648E813313F6D00FE725A /* HMEditTableViewCell.m */; };
		A5FA27431338D09C00DD428A /* HMColumnEditTableViewCell.h in Headers */ = {isa = PBXBuildFile; fileRef = A5FA27411338D09B00DD428A /* HMColumnEditTableViewCell.h */; };
		A5FA27441338D09C00DD428A /* HMColumnEditTableViewCell.m in Sources */ = {isa = PBXBuildFile; fileRef = A5FA27421338D09B00DD428A /* HMColumnEditTableViewCell.m */; };
		A5FA27471338D1F600DD428A /* HMPlainEditTableViewCell.h in Headers */ = {isa = PBXBuildFile; fileRef = A5FA27451338D1F400DD428A /* HMPlainEditTableViewCell.h */; };
		A5FA27481338D1F600DD428A /* HMPlainEditTableViewCell.m in Sources */ = {isa = PBXBuildFile; fileRef = A5FA27461338D1F500DD428A /* HMPlainEditTableViewCell.m */; };
		A5FA274B1338D52C00DD428A /* HMColumnStringTableViewCell.h in Headers */ = {isa = PBXBuildFile; fileRef = A5FA27491338D52A00DD428A /* HMColumnStringTableViewCell.h */; };
		A5FA274C1338D52C00DD428A /* HMColumnStringTableViewCell.m in Sources */ = {isa = PBXBuildFile; fileRef = A5FA274A1338D52A00DD428A /* HMColumnStringTableViewCell.m */; };
		A5FA274F1338D53900DD428A /* HMPlainStringTableViewCell.h in Headers */ = {isa = PBXBuildFile; fileRef = A5FA274D1338D53600DD428A /* HMPlainStringTableViewCell.h */; };
		A5FA27501338D53900DD428A /* HMPlainStringTableViewCell.m in Sources */ = {isa = PBXBuildFile; fileRef = A5FA274E1338D53700DD428A /* HMPlainStringTableViewCell.m */; };
		C202928D132FD974009D7B69 /* HMRemoteTableViewDelegate.h in Headers */ = {isa = PBXBuildFile; fileRef = C202928C132FD974009D7B69 /* HMRemoteTableViewDelegate.h */; };
		C2029290132FE23C009D7B69 /* HMItemTableViewDataSource.h in Headers */ = {isa = PBXBuildFile; fileRef = C202928E132FE23B009D7B69 /* HMItemTableViewDataSource.h */; };
		C2029291132FE23C009D7B69 /* HMItemTableViewDataSource.m in Sources */ = {isa = PBXBuildFile; fileRef = C202928F132FE23B009D7B69 /* HMItemTableViewDataSource.m */; };
		C2029293132FE42F009D7B69 /* HMItemTableViewProvider.h in Headers */ = {isa = PBXBuildFile; fileRef = C2029292132FE42F009D7B69 /* HMItemTableViewProvider.h */; };
		C2029296132FE594009D7B69 /* HMItemTableView.h in Headers */ = {isa = PBXBuildFile; fileRef = C2029294132FE592009D7B69 /* HMItemTableView.h */; };
		C2029297132FE594009D7B69 /* HMItemTableView.m in Sources */ = {isa = PBXBuildFile; fileRef = C2029295132FE593009D7B69 /* HMItemTableView.m */; };
		C2029299132FE748009D7B69 /* HMItemTableViewDelegate.h in Headers */ = {isa = PBXBuildFile; fileRef = C2029298132FE748009D7B69 /* HMItemTableViewDelegate.h */; };
		C210CB75134F56F60026BE3B /* HMApplicationDelegate.h in Headers */ = {isa = PBXBuildFile; fileRef = C210CB73134F56F60026BE3B /* HMApplicationDelegate.h */; };
		C210CB78134F58DF0026BE3B /* HMAuthenticationDelegate.h in Headers */ = {isa = PBXBuildFile; fileRef = C210CB77134F58DF0026BE3B /* HMAuthenticationDelegate.h */; };
		C210CB7C134F5A620026BE3B /* HMAuthenticationViewController.h in Headers */ = {isa = PBXBuildFile; fileRef = C210CB7A134F5A620026BE3B /* HMAuthenticationViewController.h */; };
		C210CB7D134F5A620026BE3B /* HMAuthenticationViewController.m in Sources */ = {isa = PBXBuildFile; fileRef = C210CB7B134F5A620026BE3B /* HMAuthenticationViewController.m */; };
		C213372913618DBE00F89D08 /* UIImage+HMImageDevice.h in Headers */ = {isa = PBXBuildFile; fileRef = C213372713618DBE00F89D08 /* UIImage+HMImageDevice.h */; };
		C213372A13618DBE00F89D08 /* UIImage+HMImageDevice.m in Sources */ = {isa = PBXBuildFile; fileRef = C213372813618DBE00F89D08 /* UIImage+HMImageDevice.m */; };
		C21E1F171397D6B100052A33 /* HMNavigationBarImage.h in Headers */ = {isa = PBXBuildFile; fileRef = C21E1F151397D6B100052A33 /* HMNavigationBarImage.h */; };
		C21E1F181397D6B100052A33 /* HMNavigationBarImage.m in Sources */ = {isa = PBXBuildFile; fileRef = C21E1F161397D6B100052A33 /* HMNavigationBarImage.m */; };
		C2207C57134F684D00BE87CB /* HMErrorAbstraction.h in Headers */ = {isa = PBXBuildFile; fileRef = C2207C55134F684D00BE87CB /* HMErrorAbstraction.h */; };
		C2207C58134F684D00BE87CB /* HMErrorAbstraction.m in Sources */ = {isa = PBXBuildFile; fileRef = C2207C56134F684D00BE87CB /* HMErrorAbstraction.m */; };
		C233B0FD1344841D00A9F9B5 /* HMTableViewDataSource.h in Headers */ = {isa = PBXBuildFile; fileRef = C233B0FB1344841D00A9F9B5 /* HMTableViewDataSource.h */; };
		C233B0FE1344841D00A9F9B5 /* HMTableViewDataSource.m in Sources */ = {isa = PBXBuildFile; fileRef = C233B0FC1344841D00A9F9B5 /* HMTableViewDataSource.m */; };
		C23B5E561333BC0100CFC9AF /* HMPlainDateTableViewCell.h in Headers */ = {isa = PBXBuildFile; fileRef = C23B5E541333BC0100CFC9AF /* HMPlainDateTableViewCell.h */; };
		C23B5E571333BC0100CFC9AF /* HMPlainDateTableViewCell.m in Sources */ = {isa = PBXBuildFile; fileRef = C23B5E551333BC0100CFC9AF /* HMPlainDateTableViewCell.m */; };
		C23B5E721333D5BB00CFC9AF /* HMRemoteItemTableViewController.h in Headers */ = {isa = PBXBuildFile; fileRef = C23B5E701333D5BB00CFC9AF /* HMRemoteItemTableViewController.h */; };
		C2760B141358A881006EEB66 /* HMOptionsButtonView.h in Headers */ = {isa = PBXBuildFile; fileRef = C2760B0E1358A881006EEB66 /* HMOptionsButtonView.h */; };
		C2760B151358A881006EEB66 /* HMOptionsButtonView.m in Sources */ = {isa = PBXBuildFile; fileRef = C2760B0F1358A881006EEB66 /* HMOptionsButtonView.m */; };
		C2760B161358A881006EEB66 /* HMOptionsView.h in Headers */ = {isa = PBXBuildFile; fileRef = C2760B101358A881006EEB66 /* HMOptionsView.h */; };
		C2760B171358A881006EEB66 /* HMOptionsView.m in Sources */ = {isa = PBXBuildFile; fileRef = C2760B111358A881006EEB66 /* HMOptionsView.m */; };
		C2760B181358A881006EEB66 /* HMStyledPageControl.h in Headers */ = {isa = PBXBuildFile; fileRef = C2760B121358A881006EEB66 /* HMStyledPageControl.h */; };
		C2760B191358A881006EEB66 /* HMStyledPageControl.m in Sources */ = {isa = PBXBuildFile; fileRef = C2760B131358A881006EEB66 /* HMStyledPageControl.m */; };
		C27B02CD134620B700C562C4 /* HMRemoteTableViewController.h in Headers */ = {isa = PBXBuildFile; fileRef = C27B02CB134620B600C562C4 /* HMRemoteTableViewController.h */; };
		C27B02CE134620B700C562C4 /* HMRemoteTableViewController.m in Sources */ = {isa = PBXBuildFile; fileRef = C27B02CC134620B600C562C4 /* HMRemoteTableViewController.m */; };
		C28364821398ED0800540E74 /* HMChartView.h in Headers */ = {isa = PBXBuildFile; fileRef = C28364801398ED0800540E74 /* HMChartView.h */; };
		C28364831398ED0800540E74 /* HMChartView.m in Sources */ = {isa = PBXBuildFile; fileRef = C28364811398ED0800540E74 /* HMChartView.m */; };
		C28924C5133814F800B6D8A5 /* HMRemoteHeaderItemTableViewController.h in Headers */ = {isa = PBXBuildFile; fileRef = C28924C3133814F800B6D8A5 /* HMRemoteHeaderItemTableViewController.h */; };
		C28924C6133814F800B6D8A5 /* HMRemoteHeaderItemTableViewController.m in Sources */ = {isa = PBXBuildFile; fileRef = C28924C4133814F800B6D8A5 /* HMRemoteHeaderItemTableViewController.m */; };
		C289F703135F22F00035A0EB /* HMWeekWidgetPanelView.h in Headers */ = {isa = PBXBuildFile; fileRef = C289F6FF135F22F00035A0EB /* HMWeekWidgetPanelView.h */; };
		C289F704135F22F00035A0EB /* HMWeekWidgetPanelView.m in Sources */ = {isa = PBXBuildFile; fileRef = C289F700135F22F00035A0EB /* HMWeekWidgetPanelView.m */; };
		C289F705135F22F00035A0EB /* HMWeekWidgetView.h in Headers */ = {isa = PBXBuildFile; fileRef = C289F701135F22F00035A0EB /* HMWeekWidgetView.h */; };
		C289F706135F22F00035A0EB /* HMWeekWidgetView.m in Sources */ = {isa = PBXBuildFile; fileRef = C289F702135F22F00035A0EB /* HMWeekWidgetView.m */; };
		C29A2E2E132E9CF6005EAB37 /* HMRemoteTableViewDataSource.h in Headers */ = {isa = PBXBuildFile; fileRef = C29A2E2A132E9CF6005EAB37 /* HMRemoteTableViewDataSource.h */; };
		C29A2E2F132E9CF6005EAB37 /* HMRemoteTableViewDataSource.m in Sources */ = {isa = PBXBuildFile; fileRef = C29A2E2B132E9CF6005EAB37 /* HMRemoteTableViewDataSource.m */; };
		C29A2E32132E9D11005EAB37 /* commons_ui_mobile.h in Headers */ = {isa = PBXBuildFile; fileRef = C29A2E31132E9D11005EAB37 /* commons_ui_mobile.h */; };
		C29A2E38132EA52B005EAB37 /* HMRemoteTableViewProvider.h in Headers */ = {isa = PBXBuildFile; fileRef = C29A2E37132EA52B005EAB37 /* HMRemoteTableViewProvider.h */; };
		C29A2E3F132EA6A2005EAB37 /* HMRemoteTableView.h in Headers */ = {isa = PBXBuildFile; fileRef = C29A2E3D132EA6A2005EAB37 /* HMRemoteTableView.h */; };
		C29A2E40132EA6A2005EAB37 /* HMRemoteTableView.m in Sources */ = {isa = PBXBuildFile; fileRef = C29A2E3E132EA6A2005EAB37 /* HMRemoteTableView.m */; };
		C29E100F1333A24C00E9F77A /* HMHeaderItemTableView.h in Headers */ = {isa = PBXBuildFile; fileRef = C29E100D1333A24C00E9F77A /* HMHeaderItemTableView.h */; };
		C29E10101333A24C00E9F77A /* HMHeaderItemTableView.m in Sources */ = {isa = PBXBuildFile; fileRef = C29E100E1333A24C00E9F77A /* HMHeaderItemTableView.m */; };
		C2B808BC1343E4EF00CAEC67 /* HMView.h in Headers */ = {isa = PBXBuildFile; fileRef = C2B808BA1343E4EF00CAEC67 /* HMView.h */; };
		C2BE9E78135C53B20030D86F /* HMRemoteItemTableViewController.m in Sources */ = {isa = PBXBuildFile; fileRef = C2BE9E77135C53B20030D86F /* HMRemoteItemTableViewController.m */; };
		C2C272C5133C05DA00D203C2 /* HMEntityAbstraction.h in Headers */ = {isa = PBXBuildFile; fileRef = C2C272C3133C05DA00D203C2 /* HMEntityAbstraction.h */; };
		C2C272C6133C05DA00D203C2 /* HMEntityAbstraction.m in Sources */ = {isa = PBXBuildFile; fileRef = C2C272C4133C05DA00D203C2 /* HMEntityAbstraction.m */; };
		C2C272C8133C06FB00D203C2 /* HMEntityDelegate.h in Headers */ = {isa = PBXBuildFile; fileRef = C2C272C7133C06FB00D203C2 /* HMEntityDelegate.h */; };
		C2C2FA0B132E95530038B41E /* UIKit.framework in Frameworks */ = {isa = PBXBuildFile; fileRef = C2C2FA0A132E95530038B41E /* UIKit.framework */; };
		C2C498251341053200541D4C /* HMTableView.h in Headers */ = {isa = PBXBuildFile; fileRef = C2C498231341053000541D4C /* HMTableView.h */; };
		C2C498261341053200541D4C /* HMTableView.m in Sources */ = {isa = PBXBuildFile; fileRef = C2C498241341053100541D4C /* HMTableView.m */; };
		C2C4982A1341088D00541D4C /* HMTableViewController.h in Headers */ = {isa = PBXBuildFile; fileRef = C2C498281341088D00541D4C /* HMTableViewController.h */; };
		C2C4982B1341088D00541D4C /* HMTableViewController.m in Sources */ = {isa = PBXBuildFile; fileRef = C2C498291341088D00541D4C /* HMTableViewController.m */; };
		C2C520241343AB2D00F80A55 /* HPGrowingTextView.h in Headers */ = {isa = PBXBuildFile; fileRef = C2C520201343AB1E00F80A55 /* HPGrowingTextView.h */; };
		C2C520251343AB2D00F80A55 /* HPGrowingTextView.m in Sources */ = {isa = PBXBuildFile; fileRef = C2C520211343AB1F00F80A55 /* HPGrowingTextView.m */; };
		C2C520261343AB2D00F80A55 /* HPTextViewInternal.h in Headers */ = {isa = PBXBuildFile; fileRef = C2C520221343AB2200F80A55 /* HPTextViewInternal.h */; };
		C2C520271343AB2D00F80A55 /* HPTextViewInternal.m in Sources */ = {isa = PBXBuildFile; fileRef = C2C520231343AB2700F80A55 /* HPTextViewInternal.m */; };
		C2C7B7A01344E80E008C0E4B /* HMEntityProvider.h in Headers */ = {isa = PBXBuildFile; fileRef = C2C7B79F1344E80E008C0E4B /* HMEntityProvider.h */; };
		C2C7B7A31344E814008C0E4B /* HMEntityProviderDelegate.h in Headers */ = {isa = PBXBuildFile; fileRef = C2C7B7A21344E814008C0E4B /* HMEntityProviderDelegate.h */; };
		C2C96E481333742900D6910B /* Dependencies.h in Headers */ = {isa = PBXBuildFile; fileRef = C2C96E471333742900D6910B /* Dependencies.h */; };
		C2DFF270133A044200E6E1D2 /* HMRemoteAbstraction.h in Headers */ = {isa = PBXBuildFile; fileRef = C2DFF26E133A044200E6E1D2 /* HMRemoteAbstraction.h */; };
		C2DFF271133A044200E6E1D2 /* HMRemoteAbstraction.m in Sources */ = {isa = PBXBuildFile; fileRef = C2DFF26F133A044200E6E1D2 /* HMRemoteAbstraction.m */; };
		C2DFF276133A228600E6E1D2 /* HMRemoteDelegate.h in Headers */ = {isa = PBXBuildFile; fileRef = C2DFF274133A228600E6E1D2 /* HMRemoteDelegate.h */; };
		C2EEE098132E8E9B0038FFA6 /* Foundation.framework in Frameworks */ = {isa = PBXBuildFile; fileRef = C2EEE097132E8E9B0038FFA6 /* Foundation.framework */; };
		C2EEE0A3132E8EDD0038FFA6 /* commons_ui_mobile-Prefix.pch in Headers */ = {isa = PBXBuildFile; fileRef = C2EEE0A2132E8EDD0038FFA6 /* commons_ui_mobile-Prefix.pch */; };
/* End PBXBuildFile section */

/* Begin PBXFileReference section */
		56C3A02E13589FD700CA92DA /* HMColumnConstantStringTableViewCell.h */ = {isa = PBXFileReference; fileEncoding = 4; lastKnownFileType = sourcecode.c.h; name = HMColumnConstantStringTableViewCell.h; path = classes/HMColumnConstantStringTableViewCell.h; sourceTree = "<group>"; };
		56C3A02F13589FD700CA92DA /* HMColumnConstantStringTableViewCell.m */ = {isa = PBXFileReference; fileEncoding = 4; lastKnownFileType = sourcecode.c.objc; name = HMColumnConstantStringTableViewCell.m; path = classes/HMColumnConstantStringTableViewCell.m; sourceTree = "<group>"; };
		A50772B21337B8E300859BD2 /* HMEditTableViewCellEditView.h */ = {isa = PBXFileReference; fileEncoding = 4; lastKnownFileType = sourcecode.c.h; name = HMEditTableViewCellEditView.h; path = classes/HMEditTableViewCellEditView.h; sourceTree = "<group>"; };
		A50772B31337B8E300859BD2 /* HMEditTableViewCellEditView.m */ = {isa = PBXFileReference; fileEncoding = 4; lastKnownFileType = sourcecode.c.objc; name = HMEditTableViewCellEditView.m; path = classes/HMEditTableViewCellEditView.m; sourceTree = "<group>"; };
		A50772B41337B8E300859BD2 /* HMTableViewCellBackgroundView.h */ = {isa = PBXFileReference; fileEncoding = 4; lastKnownFileType = sourcecode.c.h; name = HMTableViewCellBackgroundView.h; path = classes/HMTableViewCellBackgroundView.h; sourceTree = "<group>"; };
		A50772B51337B8E300859BD2 /* HMTableViewCellBackgroundView.m */ = {isa = PBXFileReference; fileEncoding = 4; lastKnownFileType = sourcecode.c.objc; name = HMTableViewCellBackgroundView.m; path = classes/HMTableViewCellBackgroundView.m; sourceTree = "<group>"; };
		A50E13EE1338ADD3006BDB18 /* HMRoundedCornerImageView.h */ = {isa = PBXFileReference; fileEncoding = 4; lastKnownFileType = sourcecode.c.h; name = HMRoundedCornerImageView.h; path = classes/HMRoundedCornerImageView.h; sourceTree = "<group>"; };
		A50E13EF1338ADD3006BDB18 /* HMRoundedCornerImageView.m */ = {isa = PBXFileReference; fileEncoding = 4; lastKnownFileType = sourcecode.c.objc; name = HMRoundedCornerImageView.m; path = classes/HMRoundedCornerImageView.m; sourceTree = "<group>"; };
		A514F401135C598F007D4B17 /* HMPlainConstantStringTableViewCell.h */ = {isa = PBXFileReference; fileEncoding = 4; lastKnownFileType = sourcecode.c.h; name = HMPlainConstantStringTableViewCell.h; path = classes/HMPlainConstantStringTableViewCell.h; sourceTree = "<group>"; };
		A514F402135C598F007D4B17 /* HMPlainConstantStringTableViewCell.m */ = {isa = PBXFileReference; fileEncoding = 4; lastKnownFileType = sourcecode.c.objc; name = HMPlainConstantStringTableViewCell.m; path = classes/HMPlainConstantStringTableViewCell.m; sourceTree = "<group>"; };
		A537556513432D3F00D9A6A0 /* HMColumnMultilineStringTableViewCell.h */ = {isa = PBXFileReference; fileEncoding = 4; lastKnownFileType = sourcecode.c.h; name = HMColumnMultilineStringTableViewCell.h; path = classes/HMColumnMultilineStringTableViewCell.h; sourceTree = "<group>"; };
		A537556613432D3F00D9A6A0 /* HMColumnMultilineStringTableViewCell.m */ = {isa = PBXFileReference; fileEncoding = 4; lastKnownFileType = sourcecode.c.objc; name = HMColumnMultilineStringTableViewCell.m; path = classes/HMColumnMultilineStringTableViewCell.m; sourceTree = "<group>"; };
		A537556713432D3F00D9A6A0 /* HMPlainMultilineStringTableViewCell.h */ = {isa = PBXFileReference; fileEncoding = 4; lastKnownFileType = sourcecode.c.h; name = HMPlainMultilineStringTableViewCell.h; path = classes/HMPlainMultilineStringTableViewCell.h; sourceTree = "<group>"; };
		A537556813432D3F00D9A6A0 /* HMPlainMultilineStringTableViewCell.m */ = {isa = PBXFileReference; fileEncoding = 4; lastKnownFileType = sourcecode.c.objc; name = HMPlainMultilineStringTableViewCell.m; path = classes/HMPlainMultilineStringTableViewCell.m; sourceTree = "<group>"; };
		A53B0573132F97C40064BCA5 /* HMTableViewCell.h */ = {isa = PBXFileReference; fileEncoding = 4; lastKnownFileType = sourcecode.c.h; name = HMTableViewCell.h; path = classes/HMTableViewCell.h; sourceTree = "<group>"; };
		A53B0574132F97C40064BCA5 /* HMTableViewCell.m */ = {isa = PBXFileReference; fileEncoding = 4; lastKnownFileType = sourcecode.c.objc; name = HMTableViewCell.m; path = classes/HMTableViewCell.m; sourceTree = "<group>"; };
		A5B56CBA133BAF890071763F /* HMBadgeLabel.h */ = {isa = PBXFileReference; fileEncoding = 4; lastKnownFileType = sourcecode.c.h; name = HMBadgeLabel.h; path = classes/HMBadgeLabel.h; sourceTree = "<group>"; };
		A5B56CBB133BAF890071763F /* HMBadgeLabel.m */ = {isa = PBXFileReference; fileEncoding = 4; lastKnownFileType = sourcecode.c.objc; name = HMBadgeLabel.m; path = classes/HMBadgeLabel.m; sourceTree = "<group>"; };
		A5E648D813313BC700FE725A /* CoreGraphics.framework */ = {isa = PBXFileReference; lastKnownFileType = wrapper.framework; name = CoreGraphics.framework; path = System/Library/Frameworks/CoreGraphics.framework; sourceTree = SDKROOT; };
		A5E648DA13313BD000FE725A /* QuartzCore.framework */ = {isa = PBXFileReference; lastKnownFileType = wrapper.framework; name = QuartzCore.framework; path = System/Library/Frameworks/QuartzCore.framework; sourceTree = SDKROOT; };
		A5E648E713313F6C00FE725A /* HMEditTableViewCell.h */ = {isa = PBXFileReference; fileEncoding = 4; lastKnownFileType = sourcecode.c.h; name = HMEditTableViewCell.h; path = classes/HMEditTableViewCell.h; sourceTree = "<group>"; };
		A5E648E813313F6D00FE725A /* HMEditTableViewCell.m */ = {isa = PBXFileReference; fileEncoding = 4; lastKnownFileType = sourcecode.c.objc; name = HMEditTableViewCell.m; path = classes/HMEditTableViewCell.m; sourceTree = "<group>"; };
		A5FA27411338D09B00DD428A /* HMColumnEditTableViewCell.h */ = {isa = PBXFileReference; fileEncoding = 4; lastKnownFileType = sourcecode.c.h; name = HMColumnEditTableViewCell.h; path = classes/HMColumnEditTableViewCell.h; sourceTree = "<group>"; };
		A5FA27421338D09B00DD428A /* HMColumnEditTableViewCell.m */ = {isa = PBXFileReference; fileEncoding = 4; lastKnownFileType = sourcecode.c.objc; name = HMColumnEditTableViewCell.m; path = classes/HMColumnEditTableViewCell.m; sourceTree = "<group>"; };
		A5FA27451338D1F400DD428A /* HMPlainEditTableViewCell.h */ = {isa = PBXFileReference; fileEncoding = 4; lastKnownFileType = sourcecode.c.h; name = HMPlainEditTableViewCell.h; path = classes/HMPlainEditTableViewCell.h; sourceTree = "<group>"; };
		A5FA27461338D1F500DD428A /* HMPlainEditTableViewCell.m */ = {isa = PBXFileReference; fileEncoding = 4; lastKnownFileType = sourcecode.c.objc; name = HMPlainEditTableViewCell.m; path = classes/HMPlainEditTableViewCell.m; sourceTree = "<group>"; };
		A5FA27491338D52A00DD428A /* HMColumnStringTableViewCell.h */ = {isa = PBXFileReference; fileEncoding = 4; lastKnownFileType = sourcecode.c.h; name = HMColumnStringTableViewCell.h; path = classes/HMColumnStringTableViewCell.h; sourceTree = "<group>"; };
		A5FA274A1338D52A00DD428A /* HMColumnStringTableViewCell.m */ = {isa = PBXFileReference; fileEncoding = 4; lastKnownFileType = sourcecode.c.objc; name = HMColumnStringTableViewCell.m; path = classes/HMColumnStringTableViewCell.m; sourceTree = "<group>"; };
		A5FA274D1338D53600DD428A /* HMPlainStringTableViewCell.h */ = {isa = PBXFileReference; fileEncoding = 4; lastKnownFileType = sourcecode.c.h; name = HMPlainStringTableViewCell.h; path = classes/HMPlainStringTableViewCell.h; sourceTree = "<group>"; };
		A5FA274E1338D53700DD428A /* HMPlainStringTableViewCell.m */ = {isa = PBXFileReference; fileEncoding = 4; lastKnownFileType = sourcecode.c.objc; name = HMPlainStringTableViewCell.m; path = classes/HMPlainStringTableViewCell.m; sourceTree = "<group>"; };
		C202928C132FD974009D7B69 /* HMRemoteTableViewDelegate.h */ = {isa = PBXFileReference; fileEncoding = 4; lastKnownFileType = sourcecode.c.h; name = HMRemoteTableViewDelegate.h; path = classes/HMRemoteTableViewDelegate.h; sourceTree = "<group>"; };
		C202928E132FE23B009D7B69 /* HMItemTableViewDataSource.h */ = {isa = PBXFileReference; fileEncoding = 4; lastKnownFileType = sourcecode.c.h; name = HMItemTableViewDataSource.h; path = classes/HMItemTableViewDataSource.h; sourceTree = "<group>"; };
		C202928F132FE23B009D7B69 /* HMItemTableViewDataSource.m */ = {isa = PBXFileReference; fileEncoding = 4; lastKnownFileType = sourcecode.c.objc; name = HMItemTableViewDataSource.m; path = classes/HMItemTableViewDataSource.m; sourceTree = "<group>"; };
		C2029292132FE42F009D7B69 /* HMItemTableViewProvider.h */ = {isa = PBXFileReference; fileEncoding = 4; lastKnownFileType = sourcecode.c.h; name = HMItemTableViewProvider.h; path = classes/HMItemTableViewProvider.h; sourceTree = "<group>"; };
		C2029294132FE592009D7B69 /* HMItemTableView.h */ = {isa = PBXFileReference; fileEncoding = 4; lastKnownFileType = sourcecode.c.h; name = HMItemTableView.h; path = classes/HMItemTableView.h; sourceTree = "<group>"; };
		C2029295132FE593009D7B69 /* HMItemTableView.m */ = {isa = PBXFileReference; fileEncoding = 4; lastKnownFileType = sourcecode.c.objc; name = HMItemTableView.m; path = classes/HMItemTableView.m; sourceTree = "<group>"; };
		C2029298132FE748009D7B69 /* HMItemTableViewDelegate.h */ = {isa = PBXFileReference; fileEncoding = 4; lastKnownFileType = sourcecode.c.h; name = HMItemTableViewDelegate.h; path = classes/HMItemTableViewDelegate.h; sourceTree = "<group>"; };
		C20922201395540E00CDE3F1 /* Entitlements.plist */ = {isa = PBXFileReference; fileEncoding = 4; lastKnownFileType = text.plist.xml; path = Entitlements.plist; sourceTree = "<group>"; };
		C210CB73134F56F60026BE3B /* HMApplicationDelegate.h */ = {isa = PBXFileReference; fileEncoding = 4; lastKnownFileType = sourcecode.c.h; name = HMApplicationDelegate.h; path = classes/HMApplicationDelegate.h; sourceTree = "<group>"; };
		C210CB77134F58DF0026BE3B /* HMAuthenticationDelegate.h */ = {isa = PBXFileReference; fileEncoding = 4; lastKnownFileType = sourcecode.c.h; name = HMAuthenticationDelegate.h; path = classes/HMAuthenticationDelegate.h; sourceTree = "<group>"; };
		C210CB7A134F5A620026BE3B /* HMAuthenticationViewController.h */ = {isa = PBXFileReference; fileEncoding = 4; lastKnownFileType = sourcecode.c.h; name = HMAuthenticationViewController.h; path = classes/HMAuthenticationViewController.h; sourceTree = "<group>"; };
		C210CB7B134F5A620026BE3B /* HMAuthenticationViewController.m */ = {isa = PBXFileReference; fileEncoding = 4; lastKnownFileType = sourcecode.c.objc; name = HMAuthenticationViewController.m; path = classes/HMAuthenticationViewController.m; sourceTree = "<group>"; };
		C213372713618DBE00F89D08 /* UIImage+HMImageDevice.h */ = {isa = PBXFileReference; fileEncoding = 4; lastKnownFileType = sourcecode.c.h; name = "UIImage+HMImageDevice.h"; path = "classes/UIImage+HMImageDevice.h"; sourceTree = "<group>"; };
		C213372813618DBE00F89D08 /* UIImage+HMImageDevice.m */ = {isa = PBXFileReference; fileEncoding = 4; lastKnownFileType = sourcecode.c.objc; name = "UIImage+HMImageDevice.m"; path = "classes/UIImage+HMImageDevice.m"; sourceTree = "<group>"; };
		C21E1F151397D6B100052A33 /* HMNavigationBarImage.h */ = {isa = PBXFileReference; fileEncoding = 4; lastKnownFileType = sourcecode.c.h; name = HMNavigationBarImage.h; path = classes/HMNavigationBarImage.h; sourceTree = "<group>"; };
		C21E1F161397D6B100052A33 /* HMNavigationBarImage.m */ = {isa = PBXFileReference; fileEncoding = 4; lastKnownFileType = sourcecode.c.objc; name = HMNavigationBarImage.m; path = classes/HMNavigationBarImage.m; sourceTree = "<group>"; };
		C2207C55134F684D00BE87CB /* HMErrorAbstraction.h */ = {isa = PBXFileReference; fileEncoding = 4; lastKnownFileType = sourcecode.c.h; name = HMErrorAbstraction.h; path = classes/HMErrorAbstraction.h; sourceTree = "<group>"; };
		C2207C56134F684D00BE87CB /* HMErrorAbstraction.m */ = {isa = PBXFileReference; fileEncoding = 4; lastKnownFileType = sourcecode.c.objc; name = HMErrorAbstraction.m; path = classes/HMErrorAbstraction.m; sourceTree = "<group>"; };
		C233B0FB1344841D00A9F9B5 /* HMTableViewDataSource.h */ = {isa = PBXFileReference; fileEncoding = 4; lastKnownFileType = sourcecode.c.h; name = HMTableViewDataSource.h; path = classes/HMTableViewDataSource.h; sourceTree = "<group>"; };
		C233B0FC1344841D00A9F9B5 /* HMTableViewDataSource.m */ = {isa = PBXFileReference; fileEncoding = 4; lastKnownFileType = sourcecode.c.objc; name = HMTableViewDataSource.m; path = classes/HMTableViewDataSource.m; sourceTree = "<group>"; };
		C23B5E541333BC0100CFC9AF /* HMPlainDateTableViewCell.h */ = {isa = PBXFileReference; fileEncoding = 4; lastKnownFileType = sourcecode.c.h; name = HMPlainDateTableViewCell.h; path = classes/HMPlainDateTableViewCell.h; sourceTree = "<group>"; };
		C23B5E551333BC0100CFC9AF /* HMPlainDateTableViewCell.m */ = {isa = PBXFileReference; fileEncoding = 4; lastKnownFileType = sourcecode.c.objc; name = HMPlainDateTableViewCell.m; path = classes/HMPlainDateTableViewCell.m; sourceTree = "<group>"; };
		C23B5E701333D5BB00CFC9AF /* HMRemoteItemTableViewController.h */ = {isa = PBXFileReference; fileEncoding = 4; lastKnownFileType = sourcecode.c.h; name = HMRemoteItemTableViewController.h; path = classes/HMRemoteItemTableViewController.h; sourceTree = "<group>"; };
		C2760B0E1358A881006EEB66 /* HMOptionsButtonView.h */ = {isa = PBXFileReference; fileEncoding = 4; lastKnownFileType = sourcecode.c.h; name = HMOptionsButtonView.h; path = classes/HMOptionsButtonView.h; sourceTree = "<group>"; };
		C2760B0F1358A881006EEB66 /* HMOptionsButtonView.m */ = {isa = PBXFileReference; fileEncoding = 4; lastKnownFileType = sourcecode.c.objc; name = HMOptionsButtonView.m; path = classes/HMOptionsButtonView.m; sourceTree = "<group>"; };
		C2760B101358A881006EEB66 /* HMOptionsView.h */ = {isa = PBXFileReference; fileEncoding = 4; lastKnownFileType = sourcecode.c.h; name = HMOptionsView.h; path = classes/HMOptionsView.h; sourceTree = "<group>"; };
		C2760B111358A881006EEB66 /* HMOptionsView.m */ = {isa = PBXFileReference; fileEncoding = 4; lastKnownFileType = sourcecode.c.objc; name = HMOptionsView.m; path = classes/HMOptionsView.m; sourceTree = "<group>"; };
		C2760B121358A881006EEB66 /* HMStyledPageControl.h */ = {isa = PBXFileReference; fileEncoding = 4; lastKnownFileType = sourcecode.c.h; name = HMStyledPageControl.h; path = classes/HMStyledPageControl.h; sourceTree = "<group>"; };
		C2760B131358A881006EEB66 /* HMStyledPageControl.m */ = {isa = PBXFileReference; fileEncoding = 4; lastKnownFileType = sourcecode.c.objc; name = HMStyledPageControl.m; path = classes/HMStyledPageControl.m; sourceTree = "<group>"; };
		C27B02CB134620B600C562C4 /* HMRemoteTableViewController.h */ = {isa = PBXFileReference; fileEncoding = 4; lastKnownFileType = sourcecode.c.h; name = HMRemoteTableViewController.h; path = classes/HMRemoteTableViewController.h; sourceTree = "<group>"; };
		C27B02CC134620B600C562C4 /* HMRemoteTableViewController.m */ = {isa = PBXFileReference; fileEncoding = 4; lastKnownFileType = sourcecode.c.objc; name = HMRemoteTableViewController.m; path = classes/HMRemoteTableViewController.m; sourceTree = "<group>"; };
		C28364801398ED0800540E74 /* HMChartView.h */ = {isa = PBXFileReference; fileEncoding = 4; lastKnownFileType = sourcecode.c.h; name = HMChartView.h; path = classes/HMChartView.h; sourceTree = "<group>"; };
		C28364811398ED0800540E74 /* HMChartView.m */ = {isa = PBXFileReference; fileEncoding = 4; lastKnownFileType = sourcecode.c.objc; name = HMChartView.m; path = classes/HMChartView.m; sourceTree = "<group>"; };
		C28924C3133814F800B6D8A5 /* HMRemoteHeaderItemTableViewController.h */ = {isa = PBXFileReference; fileEncoding = 4; lastKnownFileType = sourcecode.c.h; name = HMRemoteHeaderItemTableViewController.h; path = classes/HMRemoteHeaderItemTableViewController.h; sourceTree = "<group>"; };
		C28924C4133814F800B6D8A5 /* HMRemoteHeaderItemTableViewController.m */ = {isa = PBXFileReference; fileEncoding = 4; lastKnownFileType = sourcecode.c.objc; name = HMRemoteHeaderItemTableViewController.m; path = classes/HMRemoteHeaderItemTableViewController.m; sourceTree = "<group>"; };
		C289F6FF135F22F00035A0EB /* HMWeekWidgetPanelView.h */ = {isa = PBXFileReference; fileEncoding = 4; lastKnownFileType = sourcecode.c.h; name = HMWeekWidgetPanelView.h; path = classes/HMWeekWidgetPanelView.h; sourceTree = "<group>"; };
		C289F700135F22F00035A0EB /* HMWeekWidgetPanelView.m */ = {isa = PBXFileReference; fileEncoding = 4; lastKnownFileType = sourcecode.c.objc; name = HMWeekWidgetPanelView.m; path = classes/HMWeekWidgetPanelView.m; sourceTree = "<group>"; };
		C289F701135F22F00035A0EB /* HMWeekWidgetView.h */ = {isa = PBXFileReference; fileEncoding = 4; lastKnownFileType = sourcecode.c.h; name = HMWeekWidgetView.h; path = classes/HMWeekWidgetView.h; sourceTree = "<group>"; };
		C289F702135F22F00035A0EB /* HMWeekWidgetView.m */ = {isa = PBXFileReference; fileEncoding = 4; lastKnownFileType = sourcecode.c.objc; name = HMWeekWidgetView.m; path = classes/HMWeekWidgetView.m; sourceTree = "<group>"; };
		C29A2E2A132E9CF6005EAB37 /* HMRemoteTableViewDataSource.h */ = {isa = PBXFileReference; fileEncoding = 4; lastKnownFileType = sourcecode.c.h; name = HMRemoteTableViewDataSource.h; path = classes/HMRemoteTableViewDataSource.h; sourceTree = "<group>"; };
		C29A2E2B132E9CF6005EAB37 /* HMRemoteTableViewDataSource.m */ = {isa = PBXFileReference; fileEncoding = 4; lastKnownFileType = sourcecode.c.objc; name = HMRemoteTableViewDataSource.m; path = classes/HMRemoteTableViewDataSource.m; sourceTree = "<group>"; };
		C29A2E31132E9D11005EAB37 /* commons_ui_mobile.h */ = {isa = PBXFileReference; fileEncoding = 4; lastKnownFileType = sourcecode.c.h; name = commons_ui_mobile.h; path = headers/commons_ui_mobile.h; sourceTree = "<group>"; };
		C29A2E37132EA52B005EAB37 /* HMRemoteTableViewProvider.h */ = {isa = PBXFileReference; fileEncoding = 4; lastKnownFileType = sourcecode.c.h; name = HMRemoteTableViewProvider.h; path = classes/HMRemoteTableViewProvider.h; sourceTree = "<group>"; };
		C29A2E3D132EA6A2005EAB37 /* HMRemoteTableView.h */ = {isa = PBXFileReference; fileEncoding = 4; lastKnownFileType = sourcecode.c.h; name = HMRemoteTableView.h; path = classes/HMRemoteTableView.h; sourceTree = "<group>"; };
		C29A2E3E132EA6A2005EAB37 /* HMRemoteTableView.m */ = {isa = PBXFileReference; fileEncoding = 4; lastKnownFileType = sourcecode.c.objc; name = HMRemoteTableView.m; path = classes/HMRemoteTableView.m; sourceTree = "<group>"; };
		C29E100D1333A24C00E9F77A /* HMHeaderItemTableView.h */ = {isa = PBXFileReference; fileEncoding = 4; lastKnownFileType = sourcecode.c.h; name = HMHeaderItemTableView.h; path = classes/HMHeaderItemTableView.h; sourceTree = "<group>"; };
		C29E100E1333A24C00E9F77A /* HMHeaderItemTableView.m */ = {isa = PBXFileReference; fileEncoding = 4; lastKnownFileType = sourcecode.c.objc; name = HMHeaderItemTableView.m; path = classes/HMHeaderItemTableView.m; sourceTree = "<group>"; };
		C2B808BA1343E4EF00CAEC67 /* HMView.h */ = {isa = PBXFileReference; fileEncoding = 4; lastKnownFileType = sourcecode.c.h; name = HMView.h; path = classes/HMView.h; sourceTree = "<group>"; };
		C2BE9E77135C53B20030D86F /* HMRemoteItemTableViewController.m */ = {isa = PBXFileReference; fileEncoding = 4; lastKnownFileType = sourcecode.c.objc; name = HMRemoteItemTableViewController.m; path = classes/HMRemoteItemTableViewController.m; sourceTree = "<group>"; };
		C2C272C3133C05DA00D203C2 /* HMEntityAbstraction.h */ = {isa = PBXFileReference; fileEncoding = 4; lastKnownFileType = sourcecode.c.h; name = HMEntityAbstraction.h; path = classes/HMEntityAbstraction.h; sourceTree = "<group>"; };
		C2C272C4133C05DA00D203C2 /* HMEntityAbstraction.m */ = {isa = PBXFileReference; fileEncoding = 4; lastKnownFileType = sourcecode.c.objc; name = HMEntityAbstraction.m; path = classes/HMEntityAbstraction.m; sourceTree = "<group>"; };
		C2C272C7133C06FB00D203C2 /* HMEntityDelegate.h */ = {isa = PBXFileReference; fileEncoding = 4; lastKnownFileType = sourcecode.c.h; name = HMEntityDelegate.h; path = classes/HMEntityDelegate.h; sourceTree = "<group>"; };
		C2C2FA0A132E95530038B41E /* UIKit.framework */ = {isa = PBXFileReference; lastKnownFileType = wrapper.framework; name = UIKit.framework; path = System/Library/Frameworks/UIKit.framework; sourceTree = SDKROOT; };
		C2C498231341053000541D4C /* HMTableView.h */ = {isa = PBXFileReference; fileEncoding = 4; lastKnownFileType = sourcecode.c.h; name = HMTableView.h; path = classes/HMTableView.h; sourceTree = "<group>"; };
		C2C498241341053100541D4C /* HMTableView.m */ = {isa = PBXFileReference; fileEncoding = 4; lastKnownFileType = sourcecode.c.objc; name = HMTableView.m; path = classes/HMTableView.m; sourceTree = "<group>"; };
		C2C498281341088D00541D4C /* HMTableViewController.h */ = {isa = PBXFileReference; fileEncoding = 4; lastKnownFileType = sourcecode.c.h; name = HMTableViewController.h; path = classes/HMTableViewController.h; sourceTree = "<group>"; };
		C2C498291341088D00541D4C /* HMTableViewController.m */ = {isa = PBXFileReference; fileEncoding = 4; lastKnownFileType = sourcecode.c.objc; name = HMTableViewController.m; path = classes/HMTableViewController.m; sourceTree = "<group>"; };
		C2C520201343AB1E00F80A55 /* HPGrowingTextView.h */ = {isa = PBXFileReference; fileEncoding = 4; lastKnownFileType = sourcecode.c.h; name = HPGrowingTextView.h; path = classes/HPGrowingTextView.h; sourceTree = "<group>"; };
		C2C520211343AB1F00F80A55 /* HPGrowingTextView.m */ = {isa = PBXFileReference; fileEncoding = 4; lastKnownFileType = sourcecode.c.objc; name = HPGrowingTextView.m; path = classes/HPGrowingTextView.m; sourceTree = "<group>"; };
		C2C520221343AB2200F80A55 /* HPTextViewInternal.h */ = {isa = PBXFileReference; fileEncoding = 4; lastKnownFileType = sourcecode.c.h; name = HPTextViewInternal.h; path = classes/HPTextViewInternal.h; sourceTree = "<group>"; };
		C2C520231343AB2700F80A55 /* HPTextViewInternal.m */ = {isa = PBXFileReference; fileEncoding = 4; lastKnownFileType = sourcecode.c.objc; name = HPTextViewInternal.m; path = classes/HPTextViewInternal.m; sourceTree = "<group>"; };
		C2C7B79F1344E80E008C0E4B /* HMEntityProvider.h */ = {isa = PBXFileReference; fileEncoding = 4; lastKnownFileType = sourcecode.c.h; name = HMEntityProvider.h; path = classes/HMEntityProvider.h; sourceTree = "<group>"; };
		C2C7B7A21344E814008C0E4B /* HMEntityProviderDelegate.h */ = {isa = PBXFileReference; fileEncoding = 4; lastKnownFileType = sourcecode.c.h; name = HMEntityProviderDelegate.h; path = classes/HMEntityProviderDelegate.h; sourceTree = "<group>"; };
		C2C96E471333742900D6910B /* Dependencies.h */ = {isa = PBXFileReference; fileEncoding = 4; lastKnownFileType = sourcecode.c.h; name = Dependencies.h; path = classes/Dependencies.h; sourceTree = "<group>"; };
		C2DFF26E133A044200E6E1D2 /* HMRemoteAbstraction.h */ = {isa = PBXFileReference; fileEncoding = 4; lastKnownFileType = sourcecode.c.h; name = HMRemoteAbstraction.h; path = classes/HMRemoteAbstraction.h; sourceTree = "<group>"; };
		C2DFF26F133A044200E6E1D2 /* HMRemoteAbstraction.m */ = {isa = PBXFileReference; fileEncoding = 4; lastKnownFileType = sourcecode.c.objc; name = HMRemoteAbstraction.m; path = classes/HMRemoteAbstraction.m; sourceTree = "<group>"; };
		C2DFF274133A228600E6E1D2 /* HMRemoteDelegate.h */ = {isa = PBXFileReference; fileEncoding = 4; lastKnownFileType = sourcecode.c.h; name = HMRemoteDelegate.h; path = classes/HMRemoteDelegate.h; sourceTree = "<group>"; };
		C2EEE094132E8E9B0038FFA6 /* libcommons_ui_mobile.a */ = {isa = PBXFileReference; explicitFileType = archive.ar; includeInIndex = 0; path = libcommons_ui_mobile.a; sourceTree = BUILT_PRODUCTS_DIR; };
		C2EEE097132E8E9B0038FFA6 /* Foundation.framework */ = {isa = PBXFileReference; lastKnownFileType = wrapper.framework; name = Foundation.framework; path = System/Library/Frameworks/Foundation.framework; sourceTree = SDKROOT; };
		C2EEE0A2132E8EDD0038FFA6 /* commons_ui_mobile-Prefix.pch */ = {isa = PBXFileReference; fileEncoding = 4; lastKnownFileType = sourcecode.c.h; name = "commons_ui_mobile-Prefix.pch"; path = "support/commons_ui_mobile-Prefix.pch"; sourceTree = "<group>"; };
/* End PBXFileReference section */

/* Begin PBXFrameworksBuildPhase section */
		C2EEE091132E8E9B0038FFA6 /* Frameworks */ = {
			isa = PBXFrameworksBuildPhase;
			buildActionMask = 2147483647;
			files = (
				A5E648D913313BC800FE725A /* CoreGraphics.framework in Frameworks */,
				A5E648DB13313BD000FE725A /* QuartzCore.framework in Frameworks */,
				C2C2FA0B132E95530038B41E /* UIKit.framework in Frameworks */,
				C2EEE098132E8E9B0038FFA6 /* Foundation.framework in Frameworks */,
			);
			runOnlyForDeploymentPostprocessing = 0;
		};
/* End PBXFrameworksBuildPhase section */

/* Begin PBXGroup section */
		C209222313955AFB00CDE3F1 /* Extras */ = {
			isa = PBXGroup;
			children = (
				C20922201395540E00CDE3F1 /* Entitlements.plist */,
			);
			name = Extras;
			sourceTree = "<group>";
		};
		C210CB70134F56D00026BE3B /* Application */ = {
			isa = PBXGroup;
			children = (
				C210CB79134F5A570026BE3B /* View Controllers */,
				C210CB72134F56D90026BE3B /* Delegates */,
			);
			name = Application;
			sourceTree = "<group>";
		};
		C210CB72134F56D90026BE3B /* Delegates */ = {
			isa = PBXGroup;
			children = (
				C210CB77134F58DF0026BE3B /* HMAuthenticationDelegate.h */,
				C210CB73134F56F60026BE3B /* HMApplicationDelegate.h */,
			);
			name = Delegates;
			sourceTree = "<group>";
		};
		C210CB79134F5A570026BE3B /* View Controllers */ = {
			isa = PBXGroup;
			children = (
				C210CB7A134F5A620026BE3B /* HMAuthenticationViewController.h */,
				C210CB7B134F5A620026BE3B /* HMAuthenticationViewController.m */,
			);
			name = "View Controllers";
			sourceTree = "<group>";
		};
		C213372513618D6F00F89D08 /* Categories */ = {
			isa = PBXGroup;
			children = (
				C213372713618DBE00F89D08 /* UIImage+HMImageDevice.h */,
				C213372813618DBE00F89D08 /* UIImage+HMImageDevice.m */,
			);
			name = Categories;
			sourceTree = "<group>";
		};
		C21E1F121397D5EC00052A33 /* Navigation Bar */ = {
			isa = PBXGroup;
			children = (
				C21E1F141397D63200052A33 /* Views */,
			);
			name = "Navigation Bar";
			sourceTree = "<group>";
		};
		C21E1F141397D63200052A33 /* Views */ = {
			isa = PBXGroup;
			children = (
				C21E1F151397D6B100052A33 /* HMNavigationBarImage.h */,
				C21E1F161397D6B100052A33 /* HMNavigationBarImage.m */,
			);
			name = Views;
			sourceTree = "<group>";
		};
		C2207C53134F683C00BE87CB /* Error */ = {
			isa = PBXGroup;
			children = (
				C2207C55134F684D00BE87CB /* HMErrorAbstraction.h */,
				C2207C56134F684D00BE87CB /* HMErrorAbstraction.m */,
			);
			name = Error;
			sourceTree = "<group>";
		};
		C220E35C13318CC40076803A /* Table View Cells */ = {
			isa = PBXGroup;
			children = (
				C220E36413318DEA0076803A /* Background Views */,
				C220E36313318DD60076803A /* Views */,
			);
			name = "Table View Cells";
			sourceTree = "<group>";
		};
		C220E35E13318CD00076803A /* Views */ = {
			isa = PBXGroup;
			children = (
				C2C498231341053000541D4C /* HMTableView.h */,
				C2C498241341053100541D4C /* HMTableView.m */,
				C29E100D1333A24C00E9F77A /* HMHeaderItemTableView.h */,
				C29E100E1333A24C00E9F77A /* HMHeaderItemTableView.m */,
				C2029294132FE592009D7B69 /* HMItemTableView.h */,
				C2029295132FE593009D7B69 /* HMItemTableView.m */,
				C29A2E3D132EA6A2005EAB37 /* HMRemoteTableView.h */,
				C29A2E3E132EA6A2005EAB37 /* HMRemoteTableView.m */,
			);
			name = Views;
			sourceTree = "<group>";
		};
		C220E35F13318CE30076803A /* Providers */ = {
			isa = PBXGroup;
			children = (
				C2029292132FE42F009D7B69 /* HMItemTableViewProvider.h */,
				C29A2E37132EA52B005EAB37 /* HMRemoteTableViewProvider.h */,
			);
			name = Providers;
			sourceTree = "<group>";
		};
		C220E36013318D0D0076803A /* Delegates */ = {
			isa = PBXGroup;
			children = (
				C2029298132FE748009D7B69 /* HMItemTableViewDelegate.h */,
				C202928C132FD974009D7B69 /* HMRemoteTableViewDelegate.h */,
			);
			name = Delegates;
			sourceTree = "<group>";
		};
		C220E36113318D1B0076803A /* Data Sources */ = {
			isa = PBXGroup;
			children = (
				C233B0FB1344841D00A9F9B5 /* HMTableViewDataSource.h */,
				C233B0FC1344841D00A9F9B5 /* HMTableViewDataSource.m */,
				C202928E132FE23B009D7B69 /* HMItemTableViewDataSource.h */,
				C202928F132FE23B009D7B69 /* HMItemTableViewDataSource.m */,
				C29A2E2A132E9CF6005EAB37 /* HMRemoteTableViewDataSource.h */,
				C29A2E2B132E9CF6005EAB37 /* HMRemoteTableViewDataSource.m */,
			);
			name = "Data Sources";
			sourceTree = "<group>";
		};
		C220E36213318DAE0076803A /* Table View */ = {
			isa = PBXGroup;
			children = (
				C23B5E6E1333D52100CFC9AF /* View Controllers */,
				C220E36113318D1B0076803A /* Data Sources */,
				C220E36013318D0D0076803A /* Delegates */,
				C220E35F13318CE30076803A /* Providers */,
				C220E35E13318CD00076803A /* Views */,
			);
			name = "Table View";
			sourceTree = "<group>";
		};
		C220E36313318DD60076803A /* Views */ = {
			isa = PBXGroup;
			children = (
				C2D08D6D13449A900057E3FE /* Edit */,
				C2D08D6C13449A700057E3FE /* Base */,
				C2C520201343AB1E00F80A55 /* HPGrowingTextView.h */,
				C2C520211343AB1F00F80A55 /* HPGrowingTextView.m */,
				C2C520221343AB2200F80A55 /* HPTextViewInternal.h */,
				C2C520231343AB2700F80A55 /* HPTextViewInternal.m */,
			);
			name = Views;
			sourceTree = "<group>";
		};
		C220E36413318DEA0076803A /* Background Views */ = {
			isa = PBXGroup;
			children = (
				A50772B21337B8E300859BD2 /* HMEditTableViewCellEditView.h */,
				A50772B31337B8E300859BD2 /* HMEditTableViewCellEditView.m */,
				A50772B41337B8E300859BD2 /* HMTableViewCellBackgroundView.h */,
				A50772B51337B8E300859BD2 /* HMTableViewCellBackgroundView.m */,
			);
			name = "Background Views";
			sourceTree = "<group>";
		};
		C23B5E6E1333D52100CFC9AF /* View Controllers */ = {
			isa = PBXGroup;
			children = (
				C27B02CB134620B600C562C4 /* HMRemoteTableViewController.h */,
				C27B02CC134620B600C562C4 /* HMRemoteTableViewController.m */,
				C2C498281341088D00541D4C /* HMTableViewController.h */,
				C2C498291341088D00541D4C /* HMTableViewController.m */,
				C28924C3133814F800B6D8A5 /* HMRemoteHeaderItemTableViewController.h */,
				C28924C4133814F800B6D8A5 /* HMRemoteHeaderItemTableViewController.m */,
				C23B5E701333D5BB00CFC9AF /* HMRemoteItemTableViewController.h */,
				C2BE9E77135C53B20030D86F /* HMRemoteItemTableViewController.m */,
			);
			name = "View Controllers";
			sourceTree = "<group>";
		};
		C254AF021344ED3B00CACA7F /* Entity */ = {
			isa = PBXGroup;
			children = (
				C254AF051344ED4600CACA7F /* Delegates */,
				C254AF041344ED4100CACA7F /* Providers */,
			);
			name = Entity;
			sourceTree = "<group>";
		};
		C254AF041344ED4100CACA7F /* Providers */ = {
			isa = PBXGroup;
			children = (
				C2C7B79F1344E80E008C0E4B /* HMEntityProvider.h */,
			);
			name = Providers;
			sourceTree = "<group>";
		};
		C254AF051344ED4600CACA7F /* Delegates */ = {
			isa = PBXGroup;
			children = (
				C2C7B7A21344E814008C0E4B /* HMEntityProviderDelegate.h */,
			);
			name = Delegates;
			sourceTree = "<group>";
		};
		C27608391358A858006EEB66 /* Options View */ = {
			isa = PBXGroup;
			children = (
				C276083B1358A861006EEB66 /* Views */,
			);
			name = "Options View";
			sourceTree = "<group>";
		};
		C276083B1358A861006EEB66 /* Views */ = {
			isa = PBXGroup;
			children = (
				C2760B0E1358A881006EEB66 /* HMOptionsButtonView.h */,
				C2760B0F1358A881006EEB66 /* HMOptionsButtonView.m */,
				C2760B101358A881006EEB66 /* HMOptionsView.h */,
				C2760B111358A881006EEB66 /* HMOptionsView.m */,
			);
			name = Views;
			sourceTree = "<group>";
		};
		C2760B1A1358A8A7006EEB66 /* Page Control */ = {
			isa = PBXGroup;
			children = (
				C2760B1B1358A8B6006EEB66 /* Views */,
			);
			name = "Page Control";
			sourceTree = "<group>";
		};
		C2760B1B1358A8B6006EEB66 /* Views */ = {
			isa = PBXGroup;
			children = (
				C2760B121358A881006EEB66 /* HMStyledPageControl.h */,
				C2760B131358A881006EEB66 /* HMStyledPageControl.m */,
			);
			name = Views;
			sourceTree = "<group>";
		};
		C283647D1398ECC700540E74 /* Chart */ = {
			isa = PBXGroup;
			children = (
				C283647F1398ECCC00540E74 /* Views */,
			);
			name = Chart;
			sourceTree = "<group>";
		};
		C283647F1398ECCC00540E74 /* Views */ = {
			isa = PBXGroup;
			children = (
				C28364801398ED0800540E74 /* HMChartView.h */,
				C28364811398ED0800540E74 /* HMChartView.m */,
			);
			name = Views;
			sourceTree = "<group>";
		};
		C289F6FC135F223C0035A0EB /* Week Widget */ = {
			isa = PBXGroup;
			children = (
				C289F6FE135F22440035A0EB /* Views */,
			);
			name = "Week Widget";
			sourceTree = "<group>";
		};
		C289F6FE135F22440035A0EB /* Views */ = {
			isa = PBXGroup;
			children = (
				C289F6FF135F22F00035A0EB /* HMWeekWidgetPanelView.h */,
				C289F700135F22F00035A0EB /* HMWeekWidgetPanelView.m */,
				C289F701135F22F00035A0EB /* HMWeekWidgetView.h */,
				C289F702135F22F00035A0EB /* HMWeekWidgetView.m */,
			);
			name = Views;
			sourceTree = "<group>";
		};
		C29A2E30132E9D08005EAB37 /* Headers */ = {
			isa = PBXGroup;
			children = (
				C29A2E31132E9D11005EAB37 /* commons_ui_mobile.h */,
			);
			name = Headers;
			sourceTree = "<group>";
		};
		C2C272C1133C05C900D203C2 /* Entity */ = {
			isa = PBXGroup;
			children = (
				C2C272C3133C05DA00D203C2 /* HMEntityAbstraction.h */,
				C2C272C4133C05DA00D203C2 /* HMEntityAbstraction.m */,
			);
			name = Entity;
			sourceTree = "<group>";
		};
		C2C96E45133373F700D6910B /* Dependencies */ = {
			isa = PBXGroup;
			children = (
				C2C96E471333742900D6910B /* Dependencies.h */,
			);
			name = Dependencies;
			sourceTree = "<group>";
		};
		C2D08D691344997A0057E3FE /* Column */ = {
			isa = PBXGroup;
			children = (
				C2D08D7613449D5C0057E3FE /* Multiline String */,
				C2D08D7513449D510057E3FE /* String */,
				C2D08D7413449D450057E3FE /* Base */,
			);
			name = Column;
			sourceTree = "<group>";
		};
		C2D08D6B134499A50057E3FE /* Plain */ = {
			isa = PBXGroup;
			children = (
				C2D08D7313449BD10057E3FE /* Date */,
				C2D08D7213449BC90057E3FE /* Multiline String */,
				C2D08D7113449BC00057E3FE /* String */,
				C2D08D7013449BB90057E3FE /* Base */,
			);
			name = Plain;
			sourceTree = "<group>";
		};
		C2D08D6C13449A700057E3FE /* Base */ = {
			isa = PBXGroup;
			children = (
				A53B0573132F97C40064BCA5 /* HMTableViewCell.h */,
				A53B0574132F97C40064BCA5 /* HMTableViewCell.m */,
			);
			name = Base;
			sourceTree = "<group>";
		};
		C2D08D6D13449A900057E3FE /* Edit */ = {
			isa = PBXGroup;
			children = (
				C2D08D6B134499A50057E3FE /* Plain */,
				C2D08D691344997A0057E3FE /* Column */,
				C2D08D6E13449AA60057E3FE /* Base */,
			);
			name = Edit;
			sourceTree = "<group>";
		};
		C2D08D6E13449AA60057E3FE /* Base */ = {
			isa = PBXGroup;
			children = (
				A5E648E713313F6C00FE725A /* HMEditTableViewCell.h */,
				A5E648E813313F6D00FE725A /* HMEditTableViewCell.m */,
			);
			name = Base;
			sourceTree = "<group>";
		};
		C2D08D7013449BB90057E3FE /* Base */ = {
			isa = PBXGroup;
			children = (
				A5FA27451338D1F400DD428A /* HMPlainEditTableViewCell.h */,
				A5FA27461338D1F500DD428A /* HMPlainEditTableViewCell.m */,
			);
			name = Base;
			sourceTree = "<group>";
		};
		C2D08D7113449BC00057E3FE /* String */ = {
			isa = PBXGroup;
			children = (
				A514F401135C598F007D4B17 /* HMPlainConstantStringTableViewCell.h */,
				A514F402135C598F007D4B17 /* HMPlainConstantStringTableViewCell.m */,
				A5FA274D1338D53600DD428A /* HMPlainStringTableViewCell.h */,
				A5FA274E1338D53700DD428A /* HMPlainStringTableViewCell.m */,
			);
			name = String;
			sourceTree = "<group>";
		};
		C2D08D7213449BC90057E3FE /* Multiline String */ = {
			isa = PBXGroup;
			children = (
				A537556713432D3F00D9A6A0 /* HMPlainMultilineStringTableViewCell.h */,
				A537556813432D3F00D9A6A0 /* HMPlainMultilineStringTableViewCell.m */,
			);
			name = "Multiline String";
			sourceTree = "<group>";
		};
		C2D08D7313449BD10057E3FE /* Date */ = {
			isa = PBXGroup;
			children = (
				C23B5E541333BC0100CFC9AF /* HMPlainDateTableViewCell.h */,
				C23B5E551333BC0100CFC9AF /* HMPlainDateTableViewCell.m */,
			);
			name = Date;
			sourceTree = "<group>";
		};
		C2D08D7413449D450057E3FE /* Base */ = {
			isa = PBXGroup;
			children = (
				A5FA27411338D09B00DD428A /* HMColumnEditTableViewCell.h */,
				A5FA27421338D09B00DD428A /* HMColumnEditTableViewCell.m */,
			);
			name = Base;
			sourceTree = "<group>";
		};
		C2D08D7513449D510057E3FE /* String */ = {
			isa = PBXGroup;
			children = (
				56C3A02E13589FD700CA92DA /* HMColumnConstantStringTableViewCell.h */,
				56C3A02F13589FD700CA92DA /* HMColumnConstantStringTableViewCell.m */,
				A5FA27491338D52A00DD428A /* HMColumnStringTableViewCell.h */,
				A5FA274A1338D52A00DD428A /* HMColumnStringTableViewCell.m */,
			);
			name = String;
			sourceTree = "<group>";
		};
		C2D08D7613449D5C0057E3FE /* Multiline String */ = {
			isa = PBXGroup;
			children = (
				A537556513432D3F00D9A6A0 /* HMColumnMultilineStringTableViewCell.h */,
				A537556613432D3F00D9A6A0 /* HMColumnMultilineStringTableViewCell.m */,
			);
			name = "Multiline String";
			sourceTree = "<group>";
		};
		C2DFF26C133A032100E6E1D2 /* Abstractions */ = {
			isa = PBXGroup;
			children = (
				C2207C53134F683C00BE87CB /* Error */,
				C2C272C1133C05C900D203C2 /* Entity */,
				C2DFF273133A227800E6E1D2 /* Delegates */,
				C2DFF272133A227200E6E1D2 /* Remote */,
			);
			name = Abstractions;
			sourceTree = "<group>";
		};
		C2DFF272133A227200E6E1D2 /* Remote */ = {
			isa = PBXGroup;
			children = (
				C2DFF26E133A044200E6E1D2 /* HMRemoteAbstraction.h */,
				C2DFF26F133A044200E6E1D2 /* HMRemoteAbstraction.m */,
			);
			name = Remote;
			sourceTree = "<group>";
		};
		C2DFF273133A227800E6E1D2 /* Delegates */ = {
			isa = PBXGroup;
			children = (
				C2C272C7133C06FB00D203C2 /* HMEntityDelegate.h */,
				C2DFF274133A228600E6E1D2 /* HMRemoteDelegate.h */,
			);
			name = Delegates;
			sourceTree = "<group>";
		};
		C2EEE089132E8E9B0038FFA6 = {
			isa = PBXGroup;
			children = (
				C2EEE099132E8E9B0038FFA6 /* Commons Ui Mobile */,
				C2EEE096132E8E9B0038FFA6 /* Frameworks */,
				C2EEE095132E8E9B0038FFA6 /* Products */,
				C209222313955AFB00CDE3F1 /* Extras */,
			);
			sourceTree = "<group>";
		};
		C2EEE095132E8E9B0038FFA6 /* Products */ = {
			isa = PBXGroup;
			children = (
				C2EEE094132E8E9B0038FFA6 /* libcommons_ui_mobile.a */,
			);
			name = Products;
			sourceTree = "<group>";
		};
		C2EEE096132E8E9B0038FFA6 /* Frameworks */ = {
			isa = PBXGroup;
			children = (
				A5E648D813313BC700FE725A /* CoreGraphics.framework */,
				A5E648DA13313BD000FE725A /* QuartzCore.framework */,
				C2C2FA0A132E95530038B41E /* UIKit.framework */,
				C2EEE097132E8E9B0038FFA6 /* Foundation.framework */,
			);
			name = Frameworks;
			sourceTree = "<group>";
		};
		C2EEE099132E8E9B0038FFA6 /* Commons Ui Mobile */ = {
			isa = PBXGroup;
			children = (
				C29A2E30132E9D08005EAB37 /* Headers */,
				C2EEE0A5132E8EF80038FFA6 /* Nibs */,
				C2EEE0A4132E8EF20038FFA6 /* Classes */,
				C2EEE0A1132E8ECD0038FFA6 /* Support */,
			);
			name = "Commons Ui Mobile";
			path = commons_ui_mobile;
			sourceTree = "<group>";
		};
		C2EEE0A1132E8ECD0038FFA6 /* Support */ = {
			isa = PBXGroup;
			children = (
				C2EEE0A2132E8EDD0038FFA6 /* commons_ui_mobile-Prefix.pch */,
			);
			name = Support;
			sourceTree = "<group>";
		};
		C2EEE0A4132E8EF20038FFA6 /* Classes */ = {
			isa = PBXGroup;
			children = (
				C283647D1398ECC700540E74 /* Chart */,
				C21E1F121397D5EC00052A33 /* Navigation Bar */,
				C213372513618D6F00F89D08 /* Categories */,
				C289F6FC135F223C0035A0EB /* Week Widget */,
				C2760B1A1358A8A7006EEB66 /* Page Control */,
				C27608391358A858006EEB66 /* Options View */,
				C210CB70134F56D00026BE3B /* Application */,
				C254AF021344ED3B00CACA7F /* Entity */,
				C2FEBD6D1340AF5600CBB51E /* View */,
				C2DFF26C133A032100E6E1D2 /* Abstractions */,
				C2C96E45133373F700D6910B /* Dependencies */,
				C220E36213318DAE0076803A /* Table View */,
				C220E35C13318CC40076803A /* Table View Cells */,
			);
			name = Classes;
			sourceTree = "<group>";
		};
		C2EEE0A5132E8EF80038FFA6 /* Nibs */ = {
			isa = PBXGroup;
			children = (
			);
			name = Nibs;
			sourceTree = "<group>";
		};
		C2FEBD6D1340AF5600CBB51E /* View */ = {
			isa = PBXGroup;
			children = (
				C2FEBD6F1340AF6D00CBB51E /* Views */,
			);
			name = View;
			sourceTree = "<group>";
		};
		C2FEBD6F1340AF6D00CBB51E /* Views */ = {
			isa = PBXGroup;
			children = (
				C2B808BA1343E4EF00CAEC67 /* HMView.h */,
				A5B56CBA133BAF890071763F /* HMBadgeLabel.h */,
				A5B56CBB133BAF890071763F /* HMBadgeLabel.m */,
				A50E13EE1338ADD3006BDB18 /* HMRoundedCornerImageView.h */,
				A50E13EF1338ADD3006BDB18 /* HMRoundedCornerImageView.m */,
			);
			name = Views;
			sourceTree = "<group>";
		};
/* End PBXGroup section */

/* Begin PBXHeadersBuildPhase section */
		C2EEE092132E8E9B0038FFA6 /* Headers */ = {
			isa = PBXHeadersBuildPhase;
			buildActionMask = 2147483647;
			files = (
				C2EEE0A3132E8EDD0038FFA6 /* commons_ui_mobile-Prefix.pch in Headers */,
				C29A2E2E132E9CF6005EAB37 /* HMRemoteTableViewDataSource.h in Headers */,
				C29A2E32132E9D11005EAB37 /* commons_ui_mobile.h in Headers */,
				C29A2E38132EA52B005EAB37 /* HMRemoteTableViewProvider.h in Headers */,
				C29A2E3F132EA6A2005EAB37 /* HMRemoteTableView.h in Headers */,
				A53B0577132F97C40064BCA5 /* HMTableViewCell.h in Headers */,
				C202928D132FD974009D7B69 /* HMRemoteTableViewDelegate.h in Headers */,
				C2029290132FE23C009D7B69 /* HMItemTableViewDataSource.h in Headers */,
				C2029293132FE42F009D7B69 /* HMItemTableViewProvider.h in Headers */,
				C2029296132FE594009D7B69 /* HMItemTableView.h in Headers */,
				C2029299132FE748009D7B69 /* HMItemTableViewDelegate.h in Headers */,
				A5E648E913313F7100FE725A /* HMEditTableViewCell.h in Headers */,
				C2C96E481333742900D6910B /* Dependencies.h in Headers */,
				C29E100F1333A24C00E9F77A /* HMHeaderItemTableView.h in Headers */,
				C23B5E561333BC0100CFC9AF /* HMPlainDateTableViewCell.h in Headers */,
				C23B5E721333D5BB00CFC9AF /* HMRemoteItemTableViewController.h in Headers */,
				A50772B61337B8E300859BD2 /* HMEditTableViewCellEditView.h in Headers */,
				A50772B81337B8E300859BD2 /* HMTableViewCellBackgroundView.h in Headers */,
				C28924C5133814F800B6D8A5 /* HMRemoteHeaderItemTableViewController.h in Headers */,
				A50E13F01338ADD3006BDB18 /* HMRoundedCornerImageView.h in Headers */,
				A5FA27431338D09C00DD428A /* HMColumnEditTableViewCell.h in Headers */,
				A5FA27471338D1F600DD428A /* HMPlainEditTableViewCell.h in Headers */,
				A5FA274B1338D52C00DD428A /* HMColumnStringTableViewCell.h in Headers */,
				A5FA274F1338D53900DD428A /* HMPlainStringTableViewCell.h in Headers */,
				C2DFF270133A044200E6E1D2 /* HMRemoteAbstraction.h in Headers */,
				C2DFF276133A228600E6E1D2 /* HMRemoteDelegate.h in Headers */,
				A5B56CBC133BAF890071763F /* HMBadgeLabel.h in Headers */,
				C2C272C5133C05DA00D203C2 /* HMEntityAbstraction.h in Headers */,
				C2C272C8133C06FB00D203C2 /* HMEntityDelegate.h in Headers */,
				C2C498251341053200541D4C /* HMTableView.h in Headers */,
				C2C4982A1341088D00541D4C /* HMTableViewController.h in Headers */,
				A537556913432D3F00D9A6A0 /* HMColumnMultilineStringTableViewCell.h in Headers */,
				A537556B13432D3F00D9A6A0 /* HMPlainMultilineStringTableViewCell.h in Headers */,
				C2C520241343AB2D00F80A55 /* HPGrowingTextView.h in Headers */,
				C2C520261343AB2D00F80A55 /* HPTextViewInternal.h in Headers */,
				C2B808BC1343E4EF00CAEC67 /* HMView.h in Headers */,
				C233B0FD1344841D00A9F9B5 /* HMTableViewDataSource.h in Headers */,
				C2C7B7A01344E80E008C0E4B /* HMEntityProvider.h in Headers */,
				C2C7B7A31344E814008C0E4B /* HMEntityProviderDelegate.h in Headers */,
				C27B02CD134620B700C562C4 /* HMRemoteTableViewController.h in Headers */,
				C210CB75134F56F60026BE3B /* HMApplicationDelegate.h in Headers */,
				C210CB78134F58DF0026BE3B /* HMAuthenticationDelegate.h in Headers */,
				C210CB7C134F5A620026BE3B /* HMAuthenticationViewController.h in Headers */,
				C2207C57134F684D00BE87CB /* HMErrorAbstraction.h in Headers */,
				56C3A03013589FD700CA92DA /* HMColumnConstantStringTableViewCell.h in Headers */,
				A514F403135C598F007D4B17 /* HMPlainConstantStringTableViewCell.h in Headers */,
				C2760B141358A881006EEB66 /* HMOptionsButtonView.h in Headers */,
				C2760B161358A881006EEB66 /* HMOptionsView.h in Headers */,
				C2760B181358A881006EEB66 /* HMStyledPageControl.h in Headers */,
				C289F703135F22F00035A0EB /* HMWeekWidgetPanelView.h in Headers */,
				C289F705135F22F00035A0EB /* HMWeekWidgetView.h in Headers */,
				C213372913618DBE00F89D08 /* UIImage+HMImageDevice.h in Headers */,
				C21E1F171397D6B100052A33 /* HMNavigationBarImage.h in Headers */,
				C28364821398ED0800540E74 /* HMChartView.h in Headers */,
			);
			runOnlyForDeploymentPostprocessing = 0;
		};
/* End PBXHeadersBuildPhase section */

/* Begin PBXNativeTarget section */
		C2EEE093132E8E9B0038FFA6 /* commons_ui_mobile */ = {
			isa = PBXNativeTarget;
			buildConfigurationList = C2EEE09E132E8E9B0038FFA6 /* Build configuration list for PBXNativeTarget "commons_ui_mobile" */;
			buildPhases = (
				C2EEE090132E8E9B0038FFA6 /* Sources */,
				C2EEE091132E8E9B0038FFA6 /* Frameworks */,
				C2EEE092132E8E9B0038FFA6 /* Headers */,
			);
			buildRules = (
			);
			dependencies = (
			);
			name = commons_ui_mobile;
			productName = commons_ui_mobile;
			productReference = C2EEE094132E8E9B0038FFA6 /* libcommons_ui_mobile.a */;
			productType = "com.apple.product-type.library.static";
		};
/* End PBXNativeTarget section */

/* Begin PBXProject section */
		C2EEE08B132E8E9B0038FFA6 /* Project object */ = {
			isa = PBXProject;
			buildConfigurationList = C2EEE08E132E8E9B0038FFA6 /* Build configuration list for PBXProject "commons_ui_mobile" */;
			compatibilityVersion = "Xcode 3.2";
			developmentRegion = English;
			hasScannedForEncodings = 0;
			knownRegions = (
				en,
			);
			mainGroup = C2EEE089132E8E9B0038FFA6;
			productRefGroup = C2EEE095132E8E9B0038FFA6 /* Products */;
			projectDirPath = "";
			projectRoot = "";
			targets = (
				C2EEE093132E8E9B0038FFA6 /* commons_ui_mobile */,
			);
		};
/* End PBXProject section */

/* Begin PBXSourcesBuildPhase section */
		C2EEE090132E8E9B0038FFA6 /* Sources */ = {
			isa = PBXSourcesBuildPhase;
			buildActionMask = 2147483647;
			files = (
				C29A2E2F132E9CF6005EAB37 /* HMRemoteTableViewDataSource.m in Sources */,
				C29A2E40132EA6A2005EAB37 /* HMRemoteTableView.m in Sources */,
				A53B0578132F97C40064BCA5 /* HMTableViewCell.m in Sources */,
				C2029291132FE23C009D7B69 /* HMItemTableViewDataSource.m in Sources */,
				C2029297132FE594009D7B69 /* HMItemTableView.m in Sources */,
				A5E648EA13313F7100FE725A /* HMEditTableViewCell.m in Sources */,
				C29E10101333A24C00E9F77A /* HMHeaderItemTableView.m in Sources */,
				C23B5E571333BC0100CFC9AF /* HMPlainDateTableViewCell.m in Sources */,
				A50772B71337B8E300859BD2 /* HMEditTableViewCellEditView.m in Sources */,
				A50772B91337B8E300859BD2 /* HMTableViewCellBackgroundView.m in Sources */,
				C28924C6133814F800B6D8A5 /* HMRemoteHeaderItemTableViewController.m in Sources */,
				A50E13F11338ADD3006BDB18 /* HMRoundedCornerImageView.m in Sources */,
				A5FA27441338D09C00DD428A /* HMColumnEditTableViewCell.m in Sources */,
				A5FA27481338D1F600DD428A /* HMPlainEditTableViewCell.m in Sources */,
				A5FA274C1338D52C00DD428A /* HMColumnStringTableViewCell.m in Sources */,
				A5FA27501338D53900DD428A /* HMPlainStringTableViewCell.m in Sources */,
				C2DFF271133A044200E6E1D2 /* HMRemoteAbstraction.m in Sources */,
				A5B56CBD133BAF890071763F /* HMBadgeLabel.m in Sources */,
				C2C272C6133C05DA00D203C2 /* HMEntityAbstraction.m in Sources */,
				C2C498261341053200541D4C /* HMTableView.m in Sources */,
				C2C4982B1341088D00541D4C /* HMTableViewController.m in Sources */,
				A537556A13432D3F00D9A6A0 /* HMColumnMultilineStringTableViewCell.m in Sources */,
				A537556C13432D3F00D9A6A0 /* HMPlainMultilineStringTableViewCell.m in Sources */,
				C2C520251343AB2D00F80A55 /* HPGrowingTextView.m in Sources */,
				C2C520271343AB2D00F80A55 /* HPTextViewInternal.m in Sources */,
				C233B0FE1344841D00A9F9B5 /* HMTableViewDataSource.m in Sources */,
				C27B02CE134620B700C562C4 /* HMRemoteTableViewController.m in Sources */,
				C210CB7D134F5A620026BE3B /* HMAuthenticationViewController.m in Sources */,
				C2207C58134F684D00BE87CB /* HMErrorAbstraction.m in Sources */,
				56C3A03113589FD700CA92DA /* HMColumnConstantStringTableViewCell.m in Sources */,
				A514F404135C598F007D4B17 /* HMPlainConstantStringTableViewCell.m in Sources */,
				C2760B151358A881006EEB66 /* HMOptionsButtonView.m in Sources */,
				C2760B171358A881006EEB66 /* HMOptionsView.m in Sources */,
				C2760B191358A881006EEB66 /* HMStyledPageControl.m in Sources */,
				C2BE9E78135C53B20030D86F /* HMRemoteItemTableViewController.m in Sources */,
				C289F704135F22F00035A0EB /* HMWeekWidgetPanelView.m in Sources */,
				C289F706135F22F00035A0EB /* HMWeekWidgetView.m in Sources */,
				C213372A13618DBE00F89D08 /* UIImage+HMImageDevice.m in Sources */,
				C21E1F181397D6B100052A33 /* HMNavigationBarImage.m in Sources */,
				C28364831398ED0800540E74 /* HMChartView.m in Sources */,
			);
			runOnlyForDeploymentPostprocessing = 0;
		};
/* End PBXSourcesBuildPhase section */

/* Begin XCBuildConfiguration section */
		C2092218139550B400CDE3F1 /* Ad Hoc */ = {
			isa = XCBuildConfiguration;
			buildSettings = {
				ARCHS = "$(ARCHS_STANDARD_32_BIT)";
				GCC_C_LANGUAGE_STANDARD = gnu99;
				GCC_VERSION = com.apple.compilers.llvmgcc42;
				GCC_WARN_ABOUT_RETURN_TYPE = YES;
				GCC_WARN_UNUSED_VARIABLE = YES;
				IPHONEOS_DEPLOYMENT_TARGET = 4.3;
				SDKROOT = iphoneos;
				SKIP_INSTALL = YES;
			};
			name = "Ad Hoc";
		};
		C2092219139550B400CDE3F1 /* Ad Hoc */ = {
			isa = XCBuildConfiguration;
			buildSettings = {
				ALWAYS_SEARCH_USER_PATHS = NO;
				CODE_SIGN_ENTITLEMENTS = Entitlements.plist;
				DSTROOT = /tmp/commons_ui_mobile.dst;
				GCC_PRECOMPILE_PREFIX_HEADER = YES;
				GCC_PREFIX_HEADER = "commons_ui_mobile/support/commons_ui_mobile-Prefix.pch";
				OTHER_LDFLAGS = "-ObjC";
				PRODUCT_NAME = "$(TARGET_NAME)";
			};
			name = "Ad Hoc";
		};
		C2EEE09C132E8E9B0038FFA6 /* Debug */ = {
			isa = XCBuildConfiguration;
			buildSettings = {
				ARCHS = "$(ARCHS_STANDARD_32_BIT)";
				GCC_C_LANGUAGE_STANDARD = gnu99;
				GCC_OPTIMIZATION_LEVEL = 0;
				GCC_PREPROCESSOR_DEFINITIONS = DEBUG;
				GCC_SYMBOLS_PRIVATE_EXTERN = NO;
				GCC_VERSION = com.apple.compilers.llvmgcc42;
				GCC_WARN_ABOUT_RETURN_TYPE = YES;
				GCC_WARN_UNUSED_VARIABLE = YES;
				IPHONEOS_DEPLOYMENT_TARGET = 4.3;
				SDKROOT = iphoneos;
				SKIP_INSTALL = YES;
			};
			name = Debug;
		};
		C2EEE09D132E8E9B0038FFA6 /* Release */ = {
			isa = XCBuildConfiguration;
			buildSettings = {
				ARCHS = "$(ARCHS_STANDARD_32_BIT)";
				GCC_C_LANGUAGE_STANDARD = gnu99;
				GCC_VERSION = com.apple.compilers.llvmgcc42;
				GCC_WARN_ABOUT_RETURN_TYPE = YES;
				GCC_WARN_UNUSED_VARIABLE = YES;
				IPHONEOS_DEPLOYMENT_TARGET = 4.3;
				SDKROOT = iphoneos;
				SKIP_INSTALL = YES;
			};
			name = Release;
		};
		C2EEE09F132E8E9B0038FFA6 /* Debug */ = {
			isa = XCBuildConfiguration;
			buildSettings = {
				ALWAYS_SEARCH_USER_PATHS = NO;
				DSTROOT = /tmp/commons_ui_mobile.dst;
				GCC_PRECOMPILE_PREFIX_HEADER = YES;
				GCC_PREFIX_HEADER = "commons_ui_mobile/support/commons_ui_mobile-Prefix.pch";
				OTHER_LDFLAGS = "-ObjC";
				PRODUCT_NAME = "$(TARGET_NAME)";
			};
			name = Debug;
		};
		C2EEE0A0132E8E9B0038FFA6 /* Release */ = {
			isa = XCBuildConfiguration;
			buildSettings = {
				ALWAYS_SEARCH_USER_PATHS = NO;
				DSTROOT = /tmp/commons_ui_mobile.dst;
				GCC_PRECOMPILE_PREFIX_HEADER = YES;
				GCC_PREFIX_HEADER = "commons_ui_mobile/support/commons_ui_mobile-Prefix.pch";
				OTHER_LDFLAGS = "-ObjC";
				PRODUCT_NAME = "$(TARGET_NAME)";
			};
			name = Release;
		};
/* End XCBuildConfiguration section */

/* Begin XCConfigurationList section */
		C2EEE08E132E8E9B0038FFA6 /* Build configuration list for PBXProject "commons_ui_mobile" */ = {
			isa = XCConfigurationList;
			buildConfigurations = (
				C2EEE09C132E8E9B0038FFA6 /* Debug */,
				C2EEE09D132E8E9B0038FFA6 /* Release */,
				C2092218139550B400CDE3F1 /* Ad Hoc */,
			);
			defaultConfigurationIsVisible = 0;
			defaultConfigurationName = Release;
		};
		C2EEE09E132E8E9B0038FFA6 /* Build configuration list for PBXNativeTarget "commons_ui_mobile" */ = {
			isa = XCConfigurationList;
			buildConfigurations = (
				C2EEE09F132E8E9B0038FFA6 /* Debug */,
				C2EEE0A0132E8E9B0038FFA6 /* Release */,
				C2092219139550B400CDE3F1 /* Ad Hoc */,
			);
			defaultConfigurationIsVisible = 0;
			defaultConfigurationName = Release;
		};
/* End XCConfigurationList section */
	};
	rootObject = C2EEE08B132E8E9B0038FFA6 /* Project object */;
}
